// !$*UTF8*$!
{
	archiveVersion = 1;
	classes = {
	};
	objectVersion = 46;
	objects = {

/* Begin PBXBuildFile section */
		23F91A4F1C31074F004E4D34 /* main.cpp in Sources */ = {isa = PBXBuildFile; fileRef = 23F91A4E1C31074F004E4D34 /* main.cpp */; };
		23F91A561C3130F1004E4D34 /* OpenGL.framework in Frameworks */ = {isa = PBXBuildFile; fileRef = 23F91A551C3130F1004E4D34 /* OpenGL.framework */; };
		23F91A581C313106004E4D34 /* GLUT.framework in Frameworks */ = {isa = PBXBuildFile; fileRef = 23F91A571C313106004E4D34 /* GLUT.framework */; };
		23F91A5D1C313566004E4D34 /* Step1.cpp in Sources */ = {isa = PBXBuildFile; fileRef = 23F91A5B1C313566004E4D34 /* Step1.cpp */; };
/* End PBXBuildFile section */

/* Begin PBXCopyFilesBuildPhase section */
		23F91A491C31074F004E4D34 /* CopyFiles */ = {
			isa = PBXCopyFilesBuildPhase;
			buildActionMask = 2147483647;
			dstPath = /usr/share/man/man1/;
			dstSubfolderSpec = 0;
			files = (
			);
			runOnlyForDeploymentPostprocessing = 1;
		};
/* End PBXCopyFilesBuildPhase section */

/* Begin PBXFileReference section */
		23F91A4B1C31074F004E4D34 /* OpenGL */ = {isa = PBXFileReference; explicitFileType = "compiled.mach-o.executable"; includeInIndex = 0; path = OpenGL; sourceTree = BUILT_PRODUCTS_DIR; };
		23F91A4E1C31074F004E4D34 /* main.cpp */ = {isa = PBXFileReference; lastKnownFileType = sourcecode.cpp.cpp; path = main.cpp; sourceTree = "<group>"; };
		23F91A551C3130F1004E4D34 /* OpenGL.framework */ = {isa = PBXFileReference; lastKnownFileType = wrapper.framework; name = OpenGL.framework; path = System/Library/Frameworks/OpenGL.framework; sourceTree = SDKROOT; };
		23F91A571C313106004E4D34 /* GLUT.framework */ = {isa = PBXFileReference; lastKnownFileType = wrapper.framework; name = GLUT.framework; path = System/Library/Frameworks/GLUT.framework; sourceTree = SDKROOT; };
		23F91A5B1C313566004E4D34 /* Step1.cpp */ = {isa = PBXFileReference; fileEncoding = 4; lastKnownFileType = sourcecode.cpp.cpp; path = Step1.cpp; sourceTree = "<group>"; };
		23F91A5C1C313566004E4D34 /* Step1.h */ = {isa = PBXFileReference; fileEncoding = 4; lastKnownFileType = sourcecode.c.h; path = Step1.h; sourceTree = "<group>"; };
/* End PBXFileReference section */

/* Begin PBXFrameworksBuildPhase section */
		23F91A481C31074F004E4D34 /* Frameworks */ = {
			isa = PBXFrameworksBuildPhase;
			buildActionMask = 2147483647;
			files = (
				23F91A581C313106004E4D34 /* GLUT.framework in Frameworks */,
				23F91A561C3130F1004E4D34 /* OpenGL.framework in Frameworks */,
			);
			runOnlyForDeploymentPostprocessing = 0;
		};
/* End PBXFrameworksBuildPhase section */

/* Begin PBXGroup section */
		23F91A421C31074F004E4D34 = {
			isa = PBXGroup;
			children = (
				23F91A571C313106004E4D34 /* GLUT.framework */,
				23F91A551C3130F1004E4D34 /* OpenGL.framework */,
				23F91A4D1C31074F004E4D34 /* OpenGL */,
				23F91A4C1C31074F004E4D34 /* Products */,
			);
			sourceTree = "<group>";
		};
		23F91A4C1C31074F004E4D34 /* Products */ = {
			isa = PBXGroup;
			children = (
				23F91A4B1C31074F004E4D34 /* OpenGL */,
			);
			name = Products;
			sourceTree = "<group>";
		};
		23F91A4D1C31074F004E4D34 /* OpenGL */ = {
			isa = PBXGroup;
			children = (
				23F91A591C313112004E4D34 /* src */,
				23F91A4E1C31074F004E4D34 /* main.cpp */,
			);
			path = OpenGL;
			sourceTree = "<group>";
		};
		23F91A591C313112004E4D34 /* src */ = {
			isa = PBXGroup;
			children = (
				23F91A5A1C313534004E4D34 /* tutorial1 */,
			);
			name = src;
			sourceTree = "<group>";
		};
		23F91A5A1C313534004E4D34 /* tutorial1 */ = {
			isa = PBXGroup;
			children = (
				23F91A5B1C313566004E4D34 /* Step1.cpp */,
				23F91A5C1C313566004E4D34 /* Step1.h */,
			);
			name = tutorial1;
			sourceTree = "<group>";
		};
/* End PBXGroup section */

/* Begin PBXNativeTarget section */
		23F91A4A1C31074F004E4D34 /* OpenGL */ = {
			isa = PBXNativeTarget;
			buildConfigurationList = 23F91A521C31074F004E4D34 /* Build configuration list for PBXNativeTarget "OpenGL" */;
			buildPhases = (
				23F91A471C31074F004E4D34 /* Sources */,
				23F91A481C31074F004E4D34 /* Frameworks */,
				23F91A491C31074F004E4D34 /* CopyFiles */,
			);
			buildRules = (
			);
			dependencies = (
			);
			name = OpenGL;
			productName = OpenGL;
			productReference = 23F91A4B1C31074F004E4D34 /* OpenGL */;
			productType = "com.apple.product-type.tool";
		};
/* End PBXNativeTarget section */

/* Begin PBXProject section */
		23F91A431C31074F004E4D34 /* Project object */ = {
			isa = PBXProject;
			attributes = {
				LastUpgradeCheck = 0720;
				ORGANIZATIONNAME = Jake;
				TargetAttributes = {
					23F91A4A1C31074F004E4D34 = {
						CreatedOnToolsVersion = 7.2;
					};
				};
			};
			buildConfigurationList = 23F91A461C31074F004E4D34 /* Build configuration list for PBXProject "OpenGL" */;
			compatibilityVersion = "Xcode 3.2";
			developmentRegion = English;
			hasScannedForEncodings = 0;
			knownRegions = (
				en,
			);
			mainGroup = 23F91A421C31074F004E4D34;
			productRefGroup = 23F91A4C1C31074F004E4D34 /* Products */;
			projectDirPath = "";
			projectRoot = "";
			targets = (
				23F91A4A1C31074F004E4D34 /* OpenGL */,
			);
		};
/* End PBXProject section */

/* Begin PBXSourcesBuildPhase section */
		23F91A471C31074F004E4D34 /* Sources */ = {
			isa = PBXSourcesBuildPhase;
			buildActionMask = 2147483647;
			files = (
				23F91A4F1C31074F004E4D34 /* main.cpp in Sources */,
				23F91A5D1C313566004E4D34 /* Step1.cpp in Sources */,
			);
			runOnlyForDeploymentPostprocessing = 0;
		};
/* End PBXSourcesBuildPhase section */

/* Begin XCBuildConfiguration section */
		23F91A501C31074F004E4D34 /* Debug */ = {
			isa = XCBuildConfiguration;
			buildSettings = {
				ALWAYS_SEARCH_USER_PATHS = NO;
				CLANG_CXX_LANGUAGE_STANDARD = "gnu++0x";
				CLANG_CXX_LIBRARY = "libc++";
				CLANG_ENABLE_MODULES = YES;
				CLANG_ENABLE_OBJC_ARC = YES;
				CLANG_WARN_BOOL_CONVERSION = YES;
				CLANG_WARN_CONSTANT_CONVERSION = YES;
				CLANG_WARN_DIRECT_OBJC_ISA_USAGE = YES_ERROR;
				CLANG_WARN_EMPTY_BODY = YES;
				CLANG_WARN_ENUM_CONVERSION = YES;
				CLANG_WARN_INT_CONVERSION = YES;
				CLANG_WARN_OBJC_ROOT_CLASS = YES_ERROR;
				CLANG_WARN_UNREACHABLE_CODE = YES;
				CLANG_WARN__DUPLICATE_METHOD_MATCH = YES;
				CODE_SIGN_IDENTITY = "-";
				COPY_PHASE_STRIP = NO;
				DEBUG_INFORMATION_FORMAT = dwarf;
				ENABLE_STRICT_OBJC_MSGSEND = YES;
				ENABLE_TESTABILITY = YES;
				GCC_C_LANGUAGE_STANDARD = gnu99;
				GCC_DYNAMIC_NO_PIC = NO;
				GCC_NO_COMMON_BLOCKS = YES;
				GCC_OPTIMIZATION_LEVEL = 0;
				GCC_PREPROCESSOR_DEFINITIONS = (
					"DEBUG=1",
					"$(inherited)",
				);
				GCC_WARN_64_TO_32_BIT_CONVERSION = YES;
				GCC_WARN_ABOUT_RETURN_TYPE = YES_ERROR;
				GCC_WARN_UNDECLARED_SELECTOR = YES;
				GCC_WARN_UNINITIALIZED_AUTOS = YES_AGGRESSIVE;
				GCC_WARN_UNUSED_FUNCTION = YES;
				GCC_WARN_UNUSED_VARIABLE = YES;
				MACOSX_DEPLOYMENT_TARGET = 10.11;
				MTL_ENABLE_DEBUG_INFO = YES;
				ONLY_ACTIVE_ARCH = YES;
				SDKROOT = macosx;
			};
			name = Debug;
		};
		23F91A511C31074F004E4D34 /* Release */ = {
			isa = XCBuildConfiguration;
			buildSettings = {
				ALWAYS_SEARCH_USER_PATHS = NO;
				CLANG_CXX_LANGUAGE_STANDARD = "gnu++0x";
				CLANG_CXX_LIBRARY = "libc++";
				CLANG_ENABLE_MODULES = YES;
				CLANG_ENABLE_OBJC_ARC = YES;
				CLANG_WARN_BOOL_CONVERSION = YES;
				CLANG_WARN_CONSTANT_CONVERSION = YES;
				CLANG_WARN_DIRECT_OBJC_ISA_USAGE = YES_ERROR;
				CLANG_WARN_EMPTY_BODY = YES;
				CLANG_WARN_ENUM_CONVERSION = YES;
				CLANG_WARN_INT_CONVERSION = YES;
				CLANG_WARN_OBJC_ROOT_CLASS = YES_ERROR;
				CLANG_WARN_UNREACHABLE_CODE = YES;
				CLANG_WARN__DUPLICATE_METHOD_MATCH = YES;
				CODE_SIGN_IDENTITY = "-";
				COPY_PHASE_STRIP = NO;
				DEBUG_INFORMATION_FORMAT = "dwarf-with-dsym";
				ENABLE_NS_ASSERTIONS = NO;
				ENABLE_STRICT_OBJC_MSGSEND = YES;
				GCC_C_LANGUAGE_STANDARD = gnu99;
				GCC_NO_COMMON_BLOCKS = YES;
				GCC_WARN_64_TO_32_BIT_CONVERSION = YES;
				GCC_WARN_ABOUT_RETURN_TYPE = YES_ERROR;
				GCC_WARN_UNDECLARED_SELECTOR = YES;
				GCC_WARN_UNINITIALIZED_AUTOS = YES_AGGRESSIVE;
				GCC_WARN_UNUSED_FUNCTION = YES;
				GCC_WARN_UNUSED_VARIABLE = YES;
				MACOSX_DEPLOYMENT_TARGET = 10.11;
				MTL_ENABLE_DEBUG_INFO = NO;
				SDKROOT = macosx;
			};
			name = Release;
		};
		23F91A531C31074F004E4D34 /* Debug */ = {
			isa = XCBuildConfiguration;
			buildSettings = {
				PRODUCT_NAME = "$(TARGET_NAME)";
			};
			name = Debug;
		};
		23F91A541C31074F004E4D34 /* Release */ = {
			isa = XCBuildConfiguration;
			buildSettings = {
				PRODUCT_NAME = "$(TARGET_NAME)";
			};
			name = Release;
		};
/* End XCBuildConfiguration section */

/* Begin XCConfigurationList section */
		23F91A461C31074F004E4D34 /* Build configuration list for PBXProject "OpenGL" */ = {
			isa = XCConfigurationList;
			buildConfigurations = (
				23F91A501C31074F004E4D34 /* Debug */,
				23F91A511C31074F004E4D34 /* Release */,
			);
			defaultConfigurationIsVisible = 0;
			defaultConfigurationName = Release;
		};
		23F91A521C31074F004E4D34 /* Build configuration list for PBXNativeTarget "OpenGL" */ = {
			isa = XCConfigurationList;
			buildConfigurations = (
				23F91A531C31074F004E4D34 /* Debug */,
				23F91A541C31074F004E4D34 /* Release */,
			);
			defaultConfigurationIsVisible = 0;
		};
/* End XCConfigurationList section */
	};
	rootObject = 23F91A431C31074F004E4D34 /* Project object */;
}
