// !$*UTF8*$!
{
	archiveVersion = 1;
	classes = {
	};
	objectVersion = 46;
	objects = {

/* Begin PBXBuildFile section */
		2307F3B31C3AA75800EA7995 /* main.cpp in Sources */ = {isa = PBXBuildFile; fileRef = 2307F3B21C3AA75800EA7995 /* main.cpp */; };
		2307F3B71C3AA82A00EA7995 /* GLUT.framework in Frameworks */ = {isa = PBXBuildFile; fileRef = 23F91A571C313106004E4D34 /* GLUT.framework */; };
		2307F3B81C3AA83000EA7995 /* OpenGL.framework in Frameworks */ = {isa = PBXBuildFile; fileRef = 23F91A551C3130F1004E4D34 /* OpenGL.framework */; };
		2307F3C01C3AA8F700EA7995 /* main.cpp in Sources */ = {isa = PBXBuildFile; fileRef = 2307F3BF1C3AA8F700EA7995 /* main.cpp */; };
		2307F3C41C3AA90100EA7995 /* GLUT.framework in Frameworks */ = {isa = PBXBuildFile; fileRef = 23F91A571C313106004E4D34 /* GLUT.framework */; };
		2307F3C51C3AA90900EA7995 /* OpenGL.framework in Frameworks */ = {isa = PBXBuildFile; fileRef = 23F91A551C3130F1004E4D34 /* OpenGL.framework */; };
		232AEC2D1C5F8E41000FB7D0 /* main.cpp in Sources */ = {isa = PBXBuildFile; fileRef = 232AEC2C1C5F8E41000FB7D0 /* main.cpp */; };
		232AEC311C5F8E4F000FB7D0 /* OpenGL.framework in Frameworks */ = {isa = PBXBuildFile; fileRef = 23F91A551C3130F1004E4D34 /* OpenGL.framework */; };
		232AEC321C5F8E57000FB7D0 /* GLUT.framework in Frameworks */ = {isa = PBXBuildFile; fileRef = 23F91A571C313106004E4D34 /* GLUT.framework */; };
		2355AC161C438A42005885FD /* main.cpp in Sources */ = {isa = PBXBuildFile; fileRef = 2355AC151C438A42005885FD /* main.cpp */; };
		2355AC1A1C438F7A005885FD /* GLUT.framework in Frameworks */ = {isa = PBXBuildFile; fileRef = 23F91A571C313106004E4D34 /* GLUT.framework */; };
		2355AC1B1C438F7A005885FD /* OpenGL.framework in Frameworks */ = {isa = PBXBuildFile; fileRef = 23F91A551C3130F1004E4D34 /* OpenGL.framework */; };
		2355AC231C43961C005885FD /* main.cpp in Sources */ = {isa = PBXBuildFile; fileRef = 2355AC221C43961C005885FD /* main.cpp */; };
		2355AC271C439628005885FD /* GLUT.framework in Frameworks */ = {isa = PBXBuildFile; fileRef = 23F91A571C313106004E4D34 /* GLUT.framework */; };
		2355AC281C439628005885FD /* OpenGL.framework in Frameworks */ = {isa = PBXBuildFile; fileRef = 23F91A551C3130F1004E4D34 /* OpenGL.framework */; };
		2355AC301C4399B2005885FD /* main.cpp in Sources */ = {isa = PBXBuildFile; fileRef = 2355AC2F1C4399B2005885FD /* main.cpp */; };
		2355AC341C4399BE005885FD /* GLUT.framework in Frameworks */ = {isa = PBXBuildFile; fileRef = 23F91A571C313106004E4D34 /* GLUT.framework */; };
		2355AC351C4399BE005885FD /* OpenGL.framework in Frameworks */ = {isa = PBXBuildFile; fileRef = 23F91A551C3130F1004E4D34 /* OpenGL.framework */; };
		2355AC3D1C439DB2005885FD /* main.cpp in Sources */ = {isa = PBXBuildFile; fileRef = 2355AC3C1C439DB2005885FD /* main.cpp */; };
		2355AC411C439DBE005885FD /* GLUT.framework in Frameworks */ = {isa = PBXBuildFile; fileRef = 23F91A571C313106004E4D34 /* GLUT.framework */; };
		2355AC421C439DBE005885FD /* OpenGL.framework in Frameworks */ = {isa = PBXBuildFile; fileRef = 23F91A551C3130F1004E4D34 /* OpenGL.framework */; };
		2355AC4A1C43A15D005885FD /* main.cpp in Sources */ = {isa = PBXBuildFile; fileRef = 2355AC491C43A15D005885FD /* main.cpp */; };
		2355AC4E1C43A168005885FD /* GLUT.framework in Frameworks */ = {isa = PBXBuildFile; fileRef = 23F91A571C313106004E4D34 /* GLUT.framework */; };
		2355AC4F1C43A168005885FD /* OpenGL.framework in Frameworks */ = {isa = PBXBuildFile; fileRef = 23F91A551C3130F1004E4D34 /* OpenGL.framework */; };
		23B431EB1C7068E30066ED52 /* main.cpp in Sources */ = {isa = PBXBuildFile; fileRef = 23B431EA1C7068E30066ED52 /* main.cpp */; };
		23B431EF1C7068FF0066ED52 /* OpenGL.framework in Frameworks */ = {isa = PBXBuildFile; fileRef = 23F91A551C3130F1004E4D34 /* OpenGL.framework */; };
		23B431F01C7069060066ED52 /* GLUT.framework in Frameworks */ = {isa = PBXBuildFile; fileRef = 23F91A571C313106004E4D34 /* GLUT.framework */; };
		23C37FBD1C6725B1009BF2AC /* main.cpp in Sources */ = {isa = PBXBuildFile; fileRef = 23C37FBC1C6725B1009BF2AC /* main.cpp */; };
		23C37FC11C6725BB009BF2AC /* OpenGL.framework in Frameworks */ = {isa = PBXBuildFile; fileRef = 23F91A551C3130F1004E4D34 /* OpenGL.framework */; };
		23C37FC21C6725C4009BF2AC /* GLUT.framework in Frameworks */ = {isa = PBXBuildFile; fileRef = 23F91A571C313106004E4D34 /* GLUT.framework */; };
		23C37FCA1C672DCE009BF2AC /* main.cpp in Sources */ = {isa = PBXBuildFile; fileRef = 23C37FC91C672DCE009BF2AC /* main.cpp */; };
		23C37FCE1C672DDB009BF2AC /* OpenGL.framework in Frameworks */ = {isa = PBXBuildFile; fileRef = 23F91A551C3130F1004E4D34 /* OpenGL.framework */; };
		23C37FCF1C672DE1009BF2AC /* GLUT.framework in Frameworks */ = {isa = PBXBuildFile; fileRef = 23F91A571C313106004E4D34 /* GLUT.framework */; };
		23F91A4F1C31074F004E4D34 /* main.cpp in Sources */ = {isa = PBXBuildFile; fileRef = 23F91A4E1C31074F004E4D34 /* main.cpp */; };
		23F91A561C3130F1004E4D34 /* OpenGL.framework in Frameworks */ = {isa = PBXBuildFile; fileRef = 23F91A551C3130F1004E4D34 /* OpenGL.framework */; };
		23F91A581C313106004E4D34 /* GLUT.framework in Frameworks */ = {isa = PBXBuildFile; fileRef = 23F91A571C313106004E4D34 /* GLUT.framework */; };
/* End PBXBuildFile section */

/* Begin PBXCopyFilesBuildPhase section */
		2307F3AE1C3AA75800EA7995 /* CopyFiles */ = {
			isa = PBXCopyFilesBuildPhase;
			buildActionMask = 2147483647;
			dstPath = /usr/share/man/man1/;
			dstSubfolderSpec = 0;
			files = (
			);
			runOnlyForDeploymentPostprocessing = 1;
		};
		2307F3BB1C3AA8F700EA7995 /* CopyFiles */ = {
			isa = PBXCopyFilesBuildPhase;
			buildActionMask = 2147483647;
			dstPath = /usr/share/man/man1/;
			dstSubfolderSpec = 0;
			files = (
			);
			runOnlyForDeploymentPostprocessing = 1;
		};
		232AEC281C5F8E41000FB7D0 /* CopyFiles */ = {
			isa = PBXCopyFilesBuildPhase;
			buildActionMask = 2147483647;
			dstPath = /usr/share/man/man1/;
			dstSubfolderSpec = 0;
			files = (
			);
			runOnlyForDeploymentPostprocessing = 1;
		};
		2355AC111C438A42005885FD /* CopyFiles */ = {
			isa = PBXCopyFilesBuildPhase;
			buildActionMask = 2147483647;
			dstPath = /usr/share/man/man1/;
			dstSubfolderSpec = 0;
			files = (
			);
			runOnlyForDeploymentPostprocessing = 1;
		};
		2355AC1E1C43961C005885FD /* CopyFiles */ = {
			isa = PBXCopyFilesBuildPhase;
			buildActionMask = 2147483647;
			dstPath = /usr/share/man/man1/;
			dstSubfolderSpec = 0;
			files = (
			);
			runOnlyForDeploymentPostprocessing = 1;
		};
		2355AC2B1C4399B2005885FD /* CopyFiles */ = {
			isa = PBXCopyFilesBuildPhase;
			buildActionMask = 2147483647;
			dstPath = /usr/share/man/man1/;
			dstSubfolderSpec = 0;
			files = (
			);
			runOnlyForDeploymentPostprocessing = 1;
		};
		2355AC381C439DB2005885FD /* CopyFiles */ = {
			isa = PBXCopyFilesBuildPhase;
			buildActionMask = 2147483647;
			dstPath = /usr/share/man/man1/;
			dstSubfolderSpec = 0;
			files = (
			);
			runOnlyForDeploymentPostprocessing = 1;
		};
		2355AC451C43A15D005885FD /* CopyFiles */ = {
			isa = PBXCopyFilesBuildPhase;
			buildActionMask = 2147483647;
			dstPath = /usr/share/man/man1/;
			dstSubfolderSpec = 0;
			files = (
			);
			runOnlyForDeploymentPostprocessing = 1;
		};
		23B431E61C7068E30066ED52 /* CopyFiles */ = {
			isa = PBXCopyFilesBuildPhase;
			buildActionMask = 2147483647;
			dstPath = /usr/share/man/man1/;
			dstSubfolderSpec = 0;
			files = (
			);
			runOnlyForDeploymentPostprocessing = 1;
		};
		23C37FB81C6725B1009BF2AC /* CopyFiles */ = {
			isa = PBXCopyFilesBuildPhase;
			buildActionMask = 2147483647;
			dstPath = /usr/share/man/man1/;
			dstSubfolderSpec = 0;
			files = (
			);
			runOnlyForDeploymentPostprocessing = 1;
		};
		23C37FC51C672DCE009BF2AC /* CopyFiles */ = {
			isa = PBXCopyFilesBuildPhase;
			buildActionMask = 2147483647;
			dstPath = /usr/share/man/man1/;
			dstSubfolderSpec = 0;
			files = (
			);
			runOnlyForDeploymentPostprocessing = 1;
		};
		23F91A491C31074F004E4D34 /* CopyFiles */ = {
			isa = PBXCopyFilesBuildPhase;
			buildActionMask = 2147483647;
			dstPath = /usr/share/man/man1/;
			dstSubfolderSpec = 0;
			files = (
			);
			runOnlyForDeploymentPostprocessing = 1;
		};
/* End PBXCopyFilesBuildPhase section */

/* Begin PBXFileReference section */
		2307F3B01C3AA75800EA7995 /* Step1 */ = {isa = PBXFileReference; explicitFileType = "compiled.mach-o.executable"; includeInIndex = 0; path = Step1; sourceTree = BUILT_PRODUCTS_DIR; };
		2307F3B21C3AA75800EA7995 /* main.cpp */ = {isa = PBXFileReference; lastKnownFileType = sourcecode.cpp.cpp; path = main.cpp; sourceTree = "<group>"; };
		2307F3BD1C3AA8F700EA7995 /* Step2 */ = {isa = PBXFileReference; explicitFileType = "compiled.mach-o.executable"; includeInIndex = 0; path = Step2; sourceTree = BUILT_PRODUCTS_DIR; };
		2307F3BF1C3AA8F700EA7995 /* main.cpp */ = {isa = PBXFileReference; lastKnownFileType = sourcecode.cpp.cpp; path = main.cpp; sourceTree = "<group>"; };
		232AEC2A1C5F8E41000FB7D0 /* Step8 */ = {isa = PBXFileReference; explicitFileType = "compiled.mach-o.executable"; includeInIndex = 0; path = Step8; sourceTree = BUILT_PRODUCTS_DIR; };
		232AEC2C1C5F8E41000FB7D0 /* main.cpp */ = {isa = PBXFileReference; lastKnownFileType = sourcecode.cpp.cpp; path = main.cpp; sourceTree = "<group>"; };
		2355AC131C438A42005885FD /* Step3 */ = {isa = PBXFileReference; explicitFileType = "compiled.mach-o.executable"; includeInIndex = 0; path = Step3; sourceTree = BUILT_PRODUCTS_DIR; };
		2355AC151C438A42005885FD /* main.cpp */ = {isa = PBXFileReference; lastKnownFileType = sourcecode.cpp.cpp; path = main.cpp; sourceTree = "<group>"; };
		2355AC201C43961C005885FD /* Step4 */ = {isa = PBXFileReference; explicitFileType = "compiled.mach-o.executable"; includeInIndex = 0; path = Step4; sourceTree = BUILT_PRODUCTS_DIR; };
		2355AC221C43961C005885FD /* main.cpp */ = {isa = PBXFileReference; lastKnownFileType = sourcecode.cpp.cpp; path = main.cpp; sourceTree = "<group>"; };
		2355AC2D1C4399B2005885FD /* Step5 */ = {isa = PBXFileReference; explicitFileType = "compiled.mach-o.executable"; includeInIndex = 0; path = Step5; sourceTree = BUILT_PRODUCTS_DIR; };
		2355AC2F1C4399B2005885FD /* main.cpp */ = {isa = PBXFileReference; lastKnownFileType = sourcecode.cpp.cpp; path = main.cpp; sourceTree = "<group>"; };
		2355AC3A1C439DB2005885FD /* Step6 */ = {isa = PBXFileReference; explicitFileType = "compiled.mach-o.executable"; includeInIndex = 0; path = Step6; sourceTree = BUILT_PRODUCTS_DIR; };
		2355AC3C1C439DB2005885FD /* main.cpp */ = {isa = PBXFileReference; lastKnownFileType = sourcecode.cpp.cpp; path = main.cpp; sourceTree = "<group>"; };
		2355AC471C43A15D005885FD /* Step7 */ = {isa = PBXFileReference; explicitFileType = "compiled.mach-o.executable"; includeInIndex = 0; path = Step7; sourceTree = BUILT_PRODUCTS_DIR; };
		2355AC491C43A15D005885FD /* main.cpp */ = {isa = PBXFileReference; lastKnownFileType = sourcecode.cpp.cpp; path = main.cpp; sourceTree = "<group>"; };
		23B431E81C7068E30066ED52 /* Step11 */ = {isa = PBXFileReference; explicitFileType = "compiled.mach-o.executable"; includeInIndex = 0; path = Step11; sourceTree = BUILT_PRODUCTS_DIR; };
		23B431EA1C7068E30066ED52 /* main.cpp */ = {isa = PBXFileReference; lastKnownFileType = sourcecode.cpp.cpp; path = main.cpp; sourceTree = "<group>"; };
		23C37FBA1C6725B1009BF2AC /* Step9 */ = {isa = PBXFileReference; explicitFileType = "compiled.mach-o.executable"; includeInIndex = 0; path = Step9; sourceTree = BUILT_PRODUCTS_DIR; };
		23C37FBC1C6725B1009BF2AC /* main.cpp */ = {isa = PBXFileReference; lastKnownFileType = sourcecode.cpp.cpp; path = main.cpp; sourceTree = "<group>"; };
		23C37FC71C672DCE009BF2AC /* Step10 */ = {isa = PBXFileReference; explicitFileType = "compiled.mach-o.executable"; includeInIndex = 0; path = Step10; sourceTree = BUILT_PRODUCTS_DIR; };
		23C37FC91C672DCE009BF2AC /* main.cpp */ = {isa = PBXFileReference; lastKnownFileType = sourcecode.cpp.cpp; path = main.cpp; sourceTree = "<group>"; };
		23F91A4B1C31074F004E4D34 /* OpenGL */ = {isa = PBXFileReference; explicitFileType = "compiled.mach-o.executable"; includeInIndex = 0; path = OpenGL; sourceTree = BUILT_PRODUCTS_DIR; };
		23F91A4E1C31074F004E4D34 /* main.cpp */ = {isa = PBXFileReference; lastKnownFileType = sourcecode.cpp.cpp; path = main.cpp; sourceTree = "<group>"; };
		23F91A551C3130F1004E4D34 /* OpenGL.framework */ = {isa = PBXFileReference; lastKnownFileType = wrapper.framework; name = OpenGL.framework; path = System/Library/Frameworks/OpenGL.framework; sourceTree = SDKROOT; };
		23F91A571C313106004E4D34 /* GLUT.framework */ = {isa = PBXFileReference; lastKnownFileType = wrapper.framework; name = GLUT.framework; path = System/Library/Frameworks/GLUT.framework; sourceTree = SDKROOT; };
/* End PBXFileReference section */

/* Begin PBXFrameworksBuildPhase section */
		2307F3AD1C3AA75800EA7995 /* Frameworks */ = {
			isa = PBXFrameworksBuildPhase;
			buildActionMask = 2147483647;
			files = (
				2307F3B81C3AA83000EA7995 /* OpenGL.framework in Frameworks */,
				2307F3B71C3AA82A00EA7995 /* GLUT.framework in Frameworks */,
			);
			runOnlyForDeploymentPostprocessing = 0;
		};
		2307F3BA1C3AA8F700EA7995 /* Frameworks */ = {
			isa = PBXFrameworksBuildPhase;
			buildActionMask = 2147483647;
			files = (
				2307F3C51C3AA90900EA7995 /* OpenGL.framework in Frameworks */,
				2307F3C41C3AA90100EA7995 /* GLUT.framework in Frameworks */,
			);
			runOnlyForDeploymentPostprocessing = 0;
		};
		232AEC271C5F8E41000FB7D0 /* Frameworks */ = {
			isa = PBXFrameworksBuildPhase;
			buildActionMask = 2147483647;
			files = (
				232AEC321C5F8E57000FB7D0 /* GLUT.framework in Frameworks */,
				232AEC311C5F8E4F000FB7D0 /* OpenGL.framework in Frameworks */,
			);
			runOnlyForDeploymentPostprocessing = 0;
		};
		2355AC101C438A42005885FD /* Frameworks */ = {
			isa = PBXFrameworksBuildPhase;
			buildActionMask = 2147483647;
			files = (
				2355AC1A1C438F7A005885FD /* GLUT.framework in Frameworks */,
				2355AC1B1C438F7A005885FD /* OpenGL.framework in Frameworks */,
			);
			runOnlyForDeploymentPostprocessing = 0;
		};
		2355AC1D1C43961C005885FD /* Frameworks */ = {
			isa = PBXFrameworksBuildPhase;
			buildActionMask = 2147483647;
			files = (
				2355AC271C439628005885FD /* GLUT.framework in Frameworks */,
				2355AC281C439628005885FD /* OpenGL.framework in Frameworks */,
			);
			runOnlyForDeploymentPostprocessing = 0;
		};
		2355AC2A1C4399B2005885FD /* Frameworks */ = {
			isa = PBXFrameworksBuildPhase;
			buildActionMask = 2147483647;
			files = (
				2355AC341C4399BE005885FD /* GLUT.framework in Frameworks */,
				2355AC351C4399BE005885FD /* OpenGL.framework in Frameworks */,
			);
			runOnlyForDeploymentPostprocessing = 0;
		};
		2355AC371C439DB2005885FD /* Frameworks */ = {
			isa = PBXFrameworksBuildPhase;
			buildActionMask = 2147483647;
			files = (
				2355AC411C439DBE005885FD /* GLUT.framework in Frameworks */,
				2355AC421C439DBE005885FD /* OpenGL.framework in Frameworks */,
			);
			runOnlyForDeploymentPostprocessing = 0;
		};
		2355AC441C43A15D005885FD /* Frameworks */ = {
			isa = PBXFrameworksBuildPhase;
			buildActionMask = 2147483647;
			files = (
				2355AC4E1C43A168005885FD /* GLUT.framework in Frameworks */,
				2355AC4F1C43A168005885FD /* OpenGL.framework in Frameworks */,
			);
			runOnlyForDeploymentPostprocessing = 0;
		};
		23B431E51C7068E30066ED52 /* Frameworks */ = {
			isa = PBXFrameworksBuildPhase;
			buildActionMask = 2147483647;
			files = (
				23B431F01C7069060066ED52 /* GLUT.framework in Frameworks */,
				23B431EF1C7068FF0066ED52 /* OpenGL.framework in Frameworks */,
			);
			runOnlyForDeploymentPostprocessing = 0;
		};
		23C37FB71C6725B1009BF2AC /* Frameworks */ = {
			isa = PBXFrameworksBuildPhase;
			buildActionMask = 2147483647;
			files = (
				23C37FC21C6725C4009BF2AC /* GLUT.framework in Frameworks */,
				23C37FC11C6725BB009BF2AC /* OpenGL.framework in Frameworks */,
			);
			runOnlyForDeploymentPostprocessing = 0;
		};
		23C37FC41C672DCE009BF2AC /* Frameworks */ = {
			isa = PBXFrameworksBuildPhase;
			buildActionMask = 2147483647;
			files = (
				23C37FCF1C672DE1009BF2AC /* GLUT.framework in Frameworks */,
				23C37FCE1C672DDB009BF2AC /* OpenGL.framework in Frameworks */,
			);
			runOnlyForDeploymentPostprocessing = 0;
		};
		23F91A481C31074F004E4D34 /* Frameworks */ = {
			isa = PBXFrameworksBuildPhase;
			buildActionMask = 2147483647;
			files = (
				23F91A581C313106004E4D34 /* GLUT.framework in Frameworks */,
				23F91A561C3130F1004E4D34 /* OpenGL.framework in Frameworks */,
			);
			runOnlyForDeploymentPostprocessing = 0;
		};
/* End PBXFrameworksBuildPhase section */

/* Begin PBXGroup section */
		2307F3B11C3AA75800EA7995 /* Step1 */ = {
			isa = PBXGroup;
			children = (
				2307F3B21C3AA75800EA7995 /* main.cpp */,
			);
			name = Step1;
			path = ../Step1;
			sourceTree = "<group>";
		};
		2307F3BE1C3AA8F700EA7995 /* Step2 */ = {
			isa = PBXGroup;
			children = (
				2307F3BF1C3AA8F700EA7995 /* main.cpp */,
			);
			name = Step2;
			path = ../Step2;
			sourceTree = "<group>";
		};
		232AEC2B1C5F8E41000FB7D0 /* Step8 */ = {
			isa = PBXGroup;
			children = (
				232AEC2C1C5F8E41000FB7D0 /* main.cpp */,
			);
			name = Step8;
			path = ../Step8;
			sourceTree = "<group>";
		};
		2355AC141C438A42005885FD /* Step3 */ = {
			isa = PBXGroup;
			children = (
				2355AC151C438A42005885FD /* main.cpp */,
			);
			name = Step3;
			path = ../Step3;
			sourceTree = "<group>";
		};
		2355AC211C43961C005885FD /* Step4 */ = {
			isa = PBXGroup;
			children = (
				2355AC221C43961C005885FD /* main.cpp */,
			);
			name = Step4;
			path = ../Step4;
			sourceTree = "<group>";
		};
		2355AC2E1C4399B2005885FD /* Step5 */ = {
			isa = PBXGroup;
			children = (
				2355AC2F1C4399B2005885FD /* main.cpp */,
			);
			name = Step5;
			path = ../Step5;
			sourceTree = "<group>";
		};
		2355AC3B1C439DB2005885FD /* Step6 */ = {
			isa = PBXGroup;
			children = (
				2355AC3C1C439DB2005885FD /* main.cpp */,
			);
			name = Step6;
			path = ../Step6;
			sourceTree = "<group>";
		};
		2355AC481C43A15D005885FD /* Step7 */ = {
			isa = PBXGroup;
			children = (
				2355AC491C43A15D005885FD /* main.cpp */,
			);
			name = Step7;
			path = ../Step7;
			sourceTree = "<group>";
		};
		23B431E91C7068E30066ED52 /* Step11 */ = {
			isa = PBXGroup;
			children = (
				23B431EA1C7068E30066ED52 /* main.cpp */,
			);
			name = Step11;
			path = ../Step11;
			sourceTree = "<group>";
		};
		23C37FBB1C6725B1009BF2AC /* Step9 */ = {
			isa = PBXGroup;
			children = (
				23C37FBC1C6725B1009BF2AC /* main.cpp */,
			);
			name = Step9;
			path = ../Step9;
			sourceTree = "<group>";
		};
		23C37FC81C672DCE009BF2AC /* Step10 */ = {
			isa = PBXGroup;
			children = (
				23C37FC91C672DCE009BF2AC /* main.cpp */,
			);
			name = Step10;
			path = ../Step10;
			sourceTree = "<group>";
		};
		23F91A421C31074F004E4D34 = {
			isa = PBXGroup;
			children = (
				23F91A571C313106004E4D34 /* GLUT.framework */,
				23F91A551C3130F1004E4D34 /* OpenGL.framework */,
				23F91A4D1C31074F004E4D34 /* OpenGL */,
				23F91A4C1C31074F004E4D34 /* Products */,
			);
			sourceTree = "<group>";
		};
		23F91A4C1C31074F004E4D34 /* Products */ = {
			isa = PBXGroup;
			children = (
				23F91A4B1C31074F004E4D34 /* OpenGL */,
				2307F3B01C3AA75800EA7995 /* Step1 */,
				2307F3BD1C3AA8F700EA7995 /* Step2 */,
				2355AC131C438A42005885FD /* Step3 */,
				2355AC201C43961C005885FD /* Step4 */,
				2355AC2D1C4399B2005885FD /* Step5 */,
				2355AC3A1C439DB2005885FD /* Step6 */,
				2355AC471C43A15D005885FD /* Step7 */,
				232AEC2A1C5F8E41000FB7D0 /* Step8 */,
				23C37FBA1C6725B1009BF2AC /* Step9 */,
				23C37FC71C672DCE009BF2AC /* Step10 */,
				23B431E81C7068E30066ED52 /* Step11 */,
			);
			name = Products;
			sourceTree = "<group>";
		};
		23F91A4D1C31074F004E4D34 /* OpenGL */ = {
			isa = PBXGroup;
			children = (
				23F91A591C313112004E4D34 /* src */,
				23F91A4E1C31074F004E4D34 /* main.cpp */,
			);
			path = OpenGL;
			sourceTree = "<group>";
		};
		23F91A591C313112004E4D34 /* src */ = {
			isa = PBXGroup;
			children = (
				23B431E91C7068E30066ED52 /* Step11 */,
				23C37FC81C672DCE009BF2AC /* Step10 */,
				23C37FBB1C6725B1009BF2AC /* Step9 */,
				232AEC2B1C5F8E41000FB7D0 /* Step8 */,
				2355AC481C43A15D005885FD /* Step7 */,
				2355AC3B1C439DB2005885FD /* Step6 */,
				2355AC2E1C4399B2005885FD /* Step5 */,
				2355AC211C43961C005885FD /* Step4 */,
				2355AC141C438A42005885FD /* Step3 */,
				2307F3BE1C3AA8F700EA7995 /* Step2 */,
				2307F3B11C3AA75800EA7995 /* Step1 */,
			);
			name = src;
			sourceTree = "<group>";
		};
/* End PBXGroup section */

/* Begin PBXNativeTarget section */
		2307F3AF1C3AA75800EA7995 /* Step1 */ = {
			isa = PBXNativeTarget;
			buildConfigurationList = 2307F3B41C3AA75800EA7995 /* Build configuration list for PBXNativeTarget "Step1" */;
			buildPhases = (
				2307F3AC1C3AA75800EA7995 /* Sources */,
				2307F3AD1C3AA75800EA7995 /* Frameworks */,
				2307F3AE1C3AA75800EA7995 /* CopyFiles */,
			);
			buildRules = (
			);
			dependencies = (
			);
			name = Step1;
			productName = Step1;
			productReference = 2307F3B01C3AA75800EA7995 /* Step1 */;
			productType = "com.apple.product-type.tool";
		};
		2307F3BC1C3AA8F700EA7995 /* Step2 */ = {
			isa = PBXNativeTarget;
			buildConfigurationList = 2307F3C11C3AA8F700EA7995 /* Build configuration list for PBXNativeTarget "Step2" */;
			buildPhases = (
				2307F3B91C3AA8F700EA7995 /* Sources */,
				2307F3BA1C3AA8F700EA7995 /* Frameworks */,
				2307F3BB1C3AA8F700EA7995 /* CopyFiles */,
			);
			buildRules = (
			);
			dependencies = (
			);
			name = Step2;
			productName = Step2;
			productReference = 2307F3BD1C3AA8F700EA7995 /* Step2 */;
			productType = "com.apple.product-type.tool";
		};
		232AEC291C5F8E41000FB7D0 /* Step8 */ = {
			isa = PBXNativeTarget;
			buildConfigurationList = 232AEC301C5F8E41000FB7D0 /* Build configuration list for PBXNativeTarget "Step8" */;
			buildPhases = (
				232AEC261C5F8E41000FB7D0 /* Sources */,
				232AEC271C5F8E41000FB7D0 /* Frameworks */,
				232AEC281C5F8E41000FB7D0 /* CopyFiles */,
			);
			buildRules = (
			);
			dependencies = (
			);
			name = Step8;
			productName = Step8;
			productReference = 232AEC2A1C5F8E41000FB7D0 /* Step8 */;
			productType = "com.apple.product-type.tool";
		};
		2355AC121C438A42005885FD /* Step3 */ = {
			isa = PBXNativeTarget;
			buildConfigurationList = 2355AC191C438A42005885FD /* Build configuration list for PBXNativeTarget "Step3" */;
			buildPhases = (
				2355AC0F1C438A42005885FD /* Sources */,
				2355AC101C438A42005885FD /* Frameworks */,
				2355AC111C438A42005885FD /* CopyFiles */,
			);
			buildRules = (
			);
			dependencies = (
			);
			name = Step3;
			productName = Step3;
			productReference = 2355AC131C438A42005885FD /* Step3 */;
			productType = "com.apple.product-type.tool";
		};
		2355AC1F1C43961C005885FD /* Step4 */ = {
			isa = PBXNativeTarget;
			buildConfigurationList = 2355AC261C43961C005885FD /* Build configuration list for PBXNativeTarget "Step4" */;
			buildPhases = (
				2355AC1C1C43961C005885FD /* Sources */,
				2355AC1D1C43961C005885FD /* Frameworks */,
				2355AC1E1C43961C005885FD /* CopyFiles */,
			);
			buildRules = (
			);
			dependencies = (
			);
			name = Step4;
			productName = Step4;
			productReference = 2355AC201C43961C005885FD /* Step4 */;
			productType = "com.apple.product-type.tool";
		};
		2355AC2C1C4399B2005885FD /* Step5 */ = {
			isa = PBXNativeTarget;
			buildConfigurationList = 2355AC331C4399B2005885FD /* Build configuration list for PBXNativeTarget "Step5" */;
			buildPhases = (
				2355AC291C4399B2005885FD /* Sources */,
				2355AC2A1C4399B2005885FD /* Frameworks */,
				2355AC2B1C4399B2005885FD /* CopyFiles */,
			);
			buildRules = (
			);
			dependencies = (
			);
			name = Step5;
			productName = Step5;
			productReference = 2355AC2D1C4399B2005885FD /* Step5 */;
			productType = "com.apple.product-type.tool";
		};
		2355AC391C439DB2005885FD /* Step6 */ = {
			isa = PBXNativeTarget;
			buildConfigurationList = 2355AC401C439DB2005885FD /* Build configuration list for PBXNativeTarget "Step6" */;
			buildPhases = (
				2355AC361C439DB2005885FD /* Sources */,
				2355AC371C439DB2005885FD /* Frameworks */,
				2355AC381C439DB2005885FD /* CopyFiles */,
			);
			buildRules = (
			);
			dependencies = (
			);
			name = Step6;
			productName = Step6;
			productReference = 2355AC3A1C439DB2005885FD /* Step6 */;
			productType = "com.apple.product-type.tool";
		};
		2355AC461C43A15D005885FD /* Step7 */ = {
			isa = PBXNativeTarget;
			buildConfigurationList = 2355AC4D1C43A15D005885FD /* Build configuration list for PBXNativeTarget "Step7" */;
			buildPhases = (
				2355AC431C43A15D005885FD /* Sources */,
				2355AC441C43A15D005885FD /* Frameworks */,
				2355AC451C43A15D005885FD /* CopyFiles */,
			);
			buildRules = (
			);
			dependencies = (
			);
			name = Step7;
			productName = Step7;
			productReference = 2355AC471C43A15D005885FD /* Step7 */;
			productType = "com.apple.product-type.tool";
		};
		23B431E71C7068E30066ED52 /* Step11 */ = {
			isa = PBXNativeTarget;
			buildConfigurationList = 23B431EE1C7068E30066ED52 /* Build configuration list for PBXNativeTarget "Step11" */;
			buildPhases = (
				23B431E41C7068E30066ED52 /* Sources */,
				23B431E51C7068E30066ED52 /* Frameworks */,
				23B431E61C7068E30066ED52 /* CopyFiles */,
			);
			buildRules = (
			);
			dependencies = (
			);
			name = Step11;
			productName = Step11;
			productReference = 23B431E81C7068E30066ED52 /* Step11 */;
			productType = "com.apple.product-type.tool";
		};
		23C37FB91C6725B1009BF2AC /* Step9 */ = {
			isa = PBXNativeTarget;
			buildConfigurationList = 23C37FC01C6725B1009BF2AC /* Build configuration list for PBXNativeTarget "Step9" */;
			buildPhases = (
				23C37FB61C6725B1009BF2AC /* Sources */,
				23C37FB71C6725B1009BF2AC /* Frameworks */,
				23C37FB81C6725B1009BF2AC /* CopyFiles */,
			);
			buildRules = (
			);
			dependencies = (
			);
			name = Step9;
			productName = Step9;
			productReference = 23C37FBA1C6725B1009BF2AC /* Step9 */;
			productType = "com.apple.product-type.tool";
		};
		23C37FC61C672DCE009BF2AC /* Step10 */ = {
			isa = PBXNativeTarget;
			buildConfigurationList = 23C37FCD1C672DCE009BF2AC /* Build configuration list for PBXNativeTarget "Step10" */;
			buildPhases = (
				23C37FC31C672DCE009BF2AC /* Sources */,
				23C37FC41C672DCE009BF2AC /* Frameworks */,
				23C37FC51C672DCE009BF2AC /* CopyFiles */,
			);
			buildRules = (
			);
			dependencies = (
			);
			name = Step10;
			productName = Step10;
			productReference = 23C37FC71C672DCE009BF2AC /* Step10 */;
			productType = "com.apple.product-type.tool";
		};
		23F91A4A1C31074F004E4D34 /* OpenGL */ = {
			isa = PBXNativeTarget;
			buildConfigurationList = 23F91A521C31074F004E4D34 /* Build configuration list for PBXNativeTarget "OpenGL" */;
			buildPhases = (
				23F91A471C31074F004E4D34 /* Sources */,
				23F91A481C31074F004E4D34 /* Frameworks */,
				23F91A491C31074F004E4D34 /* CopyFiles */,
				23515F541C33A71000E7EFBC /* Resources */,
			);
			buildRules = (
			);
			dependencies = (
			);
			name = OpenGL;
			productName = OpenGL;
			productReference = 23F91A4B1C31074F004E4D34 /* OpenGL */;
			productType = "com.apple.product-type.tool";
		};
/* End PBXNativeTarget section */

/* Begin PBXProject section */
		23F91A431C31074F004E4D34 /* Project object */ = {
			isa = PBXProject;
			attributes = {
				LastUpgradeCheck = 0720;
				ORGANIZATIONNAME = Jake;
				TargetAttributes = {
					2307F3AF1C3AA75800EA7995 = {
						CreatedOnToolsVersion = 7.2;
					};
					2307F3BC1C3AA8F700EA7995 = {
						CreatedOnToolsVersion = 7.2;
					};
					232AEC291C5F8E41000FB7D0 = {
						CreatedOnToolsVersion = 7.2;
					};
					2355AC121C438A42005885FD = {
						CreatedOnToolsVersion = 7.2;
					};
					2355AC1F1C43961C005885FD = {
						CreatedOnToolsVersion = 7.2;
					};
					2355AC2C1C4399B2005885FD = {
						CreatedOnToolsVersion = 7.2;
					};
					2355AC391C439DB2005885FD = {
						CreatedOnToolsVersion = 7.2;
					};
					2355AC461C43A15D005885FD = {
						CreatedOnToolsVersion = 7.2;
					};
					23B431E71C7068E30066ED52 = {
						CreatedOnToolsVersion = 7.2.1;
					};
					23C37FB91C6725B1009BF2AC = {
						CreatedOnToolsVersion = 7.2.1;
					};
					23C37FC61C672DCE009BF2AC = {
						CreatedOnToolsVersion = 7.2.1;
					};
					23F91A4A1C31074F004E4D34 = {
						CreatedOnToolsVersion = 7.2;
					};
				};
			};
			buildConfigurationList = 23F91A461C31074F004E4D34 /* Build configuration list for PBXProject "OpenGL" */;
			compatibilityVersion = "Xcode 3.2";
			developmentRegion = English;
			hasScannedForEncodings = 0;
			knownRegions = (
				en,
			);
			mainGroup = 23F91A421C31074F004E4D34;
			productRefGroup = 23F91A4C1C31074F004E4D34 /* Products */;
			projectDirPath = "";
			projectRoot = "";
			targets = (
				23F91A4A1C31074F004E4D34 /* OpenGL */,
				2307F3AF1C3AA75800EA7995 /* Step1 */,
				2307F3BC1C3AA8F700EA7995 /* Step2 */,
				2355AC121C438A42005885FD /* Step3 */,
				2355AC1F1C43961C005885FD /* Step4 */,
				2355AC2C1C4399B2005885FD /* Step5 */,
				2355AC391C439DB2005885FD /* Step6 */,
				2355AC461C43A15D005885FD /* Step7 */,
				232AEC291C5F8E41000FB7D0 /* Step8 */,
				23C37FB91C6725B1009BF2AC /* Step9 */,
				23C37FC61C672DCE009BF2AC /* Step10 */,
				23B431E71C7068E30066ED52 /* Step11 */,
			);
		};
/* End PBXProject section */

/* Begin PBXResourcesBuildPhase section */
		23515F541C33A71000E7EFBC /* Resources */ = {
			isa = PBXResourcesBuildPhase;
			buildActionMask = 2147483647;
			files = (
			);
			runOnlyForDeploymentPostprocessing = 0;
		};
/* End PBXResourcesBuildPhase section */

/* Begin PBXSourcesBuildPhase section */
		2307F3AC1C3AA75800EA7995 /* Sources */ = {
			isa = PBXSourcesBuildPhase;
			buildActionMask = 2147483647;
			files = (
				2307F3B31C3AA75800EA7995 /* main.cpp in Sources */,
			);
			runOnlyForDeploymentPostprocessing = 0;
		};
		2307F3B91C3AA8F700EA7995 /* Sources */ = {
			isa = PBXSourcesBuildPhase;
			buildActionMask = 2147483647;
			files = (
				2307F3C01C3AA8F700EA7995 /* main.cpp in Sources */,
			);
			runOnlyForDeploymentPostprocessing = 0;
		};
		232AEC261C5F8E41000FB7D0 /* Sources */ = {
			isa = PBXSourcesBuildPhase;
			buildActionMask = 2147483647;
			files = (
				232AEC2D1C5F8E41000FB7D0 /* main.cpp in Sources */,
			);
			runOnlyForDeploymentPostprocessing = 0;
		};
		2355AC0F1C438A42005885FD /* Sources */ = {
			isa = PBXSourcesBuildPhase;
			buildActionMask = 2147483647;
			files = (
				2355AC161C438A42005885FD /* main.cpp in Sources */,
			);
			runOnlyForDeploymentPostprocessing = 0;
		};
		2355AC1C1C43961C005885FD /* Sources */ = {
			isa = PBXSourcesBuildPhase;
			buildActionMask = 2147483647;
			files = (
				2355AC231C43961C005885FD /* main.cpp in Sources */,
			);
			runOnlyForDeploymentPostprocessing = 0;
		};
		2355AC291C4399B2005885FD /* Sources */ = {
			isa = PBXSourcesBuildPhase;
			buildActionMask = 2147483647;
			files = (
				2355AC301C4399B2005885FD /* main.cpp in Sources */,
			);
			runOnlyForDeploymentPostprocessing = 0;
		};
		2355AC361C439DB2005885FD /* Sources */ = {
			isa = PBXSourcesBuildPhase;
			buildActionMask = 2147483647;
			files = (
				2355AC3D1C439DB2005885FD /* main.cpp in Sources */,
			);
			runOnlyForDeploymentPostprocessing = 0;
		};
		2355AC431C43A15D005885FD /* Sources */ = {
			isa = PBXSourcesBuildPhase;
			buildActionMask = 2147483647;
			files = (
				2355AC4A1C43A15D005885FD /* main.cpp in Sources */,
			);
			runOnlyForDeploymentPostprocessing = 0;
		};
		23B431E41C7068E30066ED52 /* Sources */ = {
			isa = PBXSourcesBuildPhase;
			buildActionMask = 2147483647;
			files = (
				23B431EB1C7068E30066ED52 /* main.cpp in Sources */,
			);
			runOnlyForDeploymentPostprocessing = 0;
		};
		23C37FB61C6725B1009BF2AC /* Sources */ = {
			isa = PBXSourcesBuildPhase;
			buildActionMask = 2147483647;
			files = (
				23C37FBD1C6725B1009BF2AC /* main.cpp in Sources */,
			);
			runOnlyForDeploymentPostprocessing = 0;
		};
		23C37FC31C672DCE009BF2AC /* Sources */ = {
			isa = PBXSourcesBuildPhase;
			buildActionMask = 2147483647;
			files = (
				23C37FCA1C672DCE009BF2AC /* main.cpp in Sources */,
			);
			runOnlyForDeploymentPostprocessing = 0;
		};
		23F91A471C31074F004E4D34 /* Sources */ = {
			isa = PBXSourcesBuildPhase;
			buildActionMask = 2147483647;
			files = (
				23F91A4F1C31074F004E4D34 /* main.cpp in Sources */,
			);
			runOnlyForDeploymentPostprocessing = 0;
		};
/* End PBXSourcesBuildPhase section */

/* Begin XCBuildConfiguration section */
		2307F3B51C3AA75800EA7995 /* Debug */ = {
			isa = XCBuildConfiguration;
			buildSettings = {
				PRODUCT_NAME = "$(TARGET_NAME)";
			};
			name = Debug;
		};
		2307F3B61C3AA75800EA7995 /* Release */ = {
			isa = XCBuildConfiguration;
			buildSettings = {
				PRODUCT_NAME = "$(TARGET_NAME)";
			};
			name = Release;
		};
		2307F3C21C3AA8F700EA7995 /* Debug */ = {
			isa = XCBuildConfiguration;
			buildSettings = {
				PRODUCT_NAME = "$(TARGET_NAME)";
			};
			name = Debug;
		};
		2307F3C31C3AA8F700EA7995 /* Release */ = {
			isa = XCBuildConfiguration;
			buildSettings = {
				PRODUCT_NAME = "$(TARGET_NAME)";
			};
			name = Release;
		};
		232AEC2E1C5F8E41000FB7D0 /* Debug */ = {
			isa = XCBuildConfiguration;
			buildSettings = {
				PRODUCT_NAME = "$(TARGET_NAME)";
			};
			name = Debug;
		};
		232AEC2F1C5F8E41000FB7D0 /* Release */ = {
			isa = XCBuildConfiguration;
			buildSettings = {
				PRODUCT_NAME = "$(TARGET_NAME)";
			};
			name = Release;
		};
		2355AC171C438A42005885FD /* Debug */ = {
			isa = XCBuildConfiguration;
			buildSettings = {
				PRODUCT_NAME = "$(TARGET_NAME)";
			};
			name = Debug;
		};
		2355AC181C438A42005885FD /* Release */ = {
			isa = XCBuildConfiguration;
			buildSettings = {
				PRODUCT_NAME = "$(TARGET_NAME)";
			};
			name = Release;
		};
		2355AC241C43961C005885FD /* Debug */ = {
			isa = XCBuildConfiguration;
			buildSettings = {
				PRODUCT_NAME = "$(TARGET_NAME)";
			};
			name = Debug;
		};
		2355AC251C43961C005885FD /* Release */ = {
			isa = XCBuildConfiguration;
			buildSettings = {
				PRODUCT_NAME = "$(TARGET_NAME)";
			};
			name = Release;
		};
		2355AC311C4399B2005885FD /* Debug */ = {
			isa = XCBuildConfiguration;
			buildSettings = {
				PRODUCT_NAME = "$(TARGET_NAME)";
			};
			name = Debug;
		};
		2355AC321C4399B2005885FD /* Release */ = {
			isa = XCBuildConfiguration;
			buildSettings = {
				PRODUCT_NAME = "$(TARGET_NAME)";
			};
			name = Release;
		};
		2355AC3E1C439DB2005885FD /* Debug */ = {
			isa = XCBuildConfiguration;
			buildSettings = {
				PRODUCT_NAME = "$(TARGET_NAME)";
			};
			name = Debug;
		};
		2355AC3F1C439DB2005885FD /* Release */ = {
			isa = XCBuildConfiguration;
			buildSettings = {
				PRODUCT_NAME = "$(TARGET_NAME)";
			};
			name = Release;
		};
		2355AC4B1C43A15D005885FD /* Debug */ = {
			isa = XCBuildConfiguration;
			buildSettings = {
				PRODUCT_NAME = "$(TARGET_NAME)";
			};
			name = Debug;
		};
		2355AC4C1C43A15D005885FD /* Release */ = {
			isa = XCBuildConfiguration;
			buildSettings = {
				PRODUCT_NAME = "$(TARGET_NAME)";
			};
			name = Release;
		};
		23B431EC1C7068E30066ED52 /* Debug */ = {
			isa = XCBuildConfiguration;
			buildSettings = {
				PRODUCT_NAME = "$(TARGET_NAME)";
			};
			name = Debug;
		};
		23B431ED1C7068E30066ED52 /* Release */ = {
			isa = XCBuildConfiguration;
			buildSettings = {
				PRODUCT_NAME = "$(TARGET_NAME)";
			};
			name = Release;
		};
		23C37FBE1C6725B1009BF2AC /* Debug */ = {
			isa = XCBuildConfiguration;
			buildSettings = {
				PRODUCT_NAME = "$(TARGET_NAME)";
			};
			name = Debug;
		};
		23C37FBF1C6725B1009BF2AC /* Release */ = {
			isa = XCBuildConfiguration;
			buildSettings = {
				PRODUCT_NAME = "$(TARGET_NAME)";
			};
			name = Release;
		};
		23C37FCB1C672DCE009BF2AC /* Debug */ = {
			isa = XCBuildConfiguration;
			buildSettings = {
				PRODUCT_NAME = "$(TARGET_NAME)";
			};
			name = Debug;
		};
		23C37FCC1C672DCE009BF2AC /* Release */ = {
			isa = XCBuildConfiguration;
			buildSettings = {
				PRODUCT_NAME = "$(TARGET_NAME)";
			};
			name = Release;
		};
		23F91A501C31074F004E4D34 /* Debug */ = {
			isa = XCBuildConfiguration;
			buildSettings = {
				ALWAYS_SEARCH_USER_PATHS = NO;
				CLANG_CXX_LANGUAGE_STANDARD = "gnu++0x";
				CLANG_CXX_LIBRARY = "libc++";
				CLANG_ENABLE_MODULES = YES;
				CLANG_ENABLE_OBJC_ARC = YES;
				CLANG_WARN_BOOL_CONVERSION = YES;
				CLANG_WARN_CONSTANT_CONVERSION = YES;
				CLANG_WARN_DIRECT_OBJC_ISA_USAGE = YES_ERROR;
				CLANG_WARN_EMPTY_BODY = YES;
				CLANG_WARN_ENUM_CONVERSION = YES;
				CLANG_WARN_INT_CONVERSION = YES;
				CLANG_WARN_OBJC_ROOT_CLASS = YES_ERROR;
				CLANG_WARN_UNREACHABLE_CODE = YES;
				CLANG_WARN__DUPLICATE_METHOD_MATCH = YES;
				CODE_SIGN_IDENTITY = "-";
				COPY_PHASE_STRIP = NO;
				DEBUG_INFORMATION_FORMAT = dwarf;
				ENABLE_STRICT_OBJC_MSGSEND = YES;
				ENABLE_TESTABILITY = YES;
				GCC_C_LANGUAGE_STANDARD = gnu99;
				GCC_DYNAMIC_NO_PIC = NO;
				GCC_NO_COMMON_BLOCKS = YES;
				GCC_OPTIMIZATION_LEVEL = 0;
				GCC_PREPROCESSOR_DEFINITIONS = (
					"DEBUG=1",
					"$(inherited)",
				);
				GCC_WARN_64_TO_32_BIT_CONVERSION = YES;
				GCC_WARN_ABOUT_RETURN_TYPE = YES_ERROR;
				GCC_WARN_UNDECLARED_SELECTOR = YES;
				GCC_WARN_UNINITIALIZED_AUTOS = YES_AGGRESSIVE;
				GCC_WARN_UNUSED_FUNCTION = YES;
				GCC_WARN_UNUSED_VARIABLE = YES;
				MACOSX_DEPLOYMENT_TARGET = 10.11;
				MTL_ENABLE_DEBUG_INFO = YES;
				ONLY_ACTIVE_ARCH = YES;
				SDKROOT = macosx;
			};
			name = Debug;
		};
		23F91A511C31074F004E4D34 /* Release */ = {
			isa = XCBuildConfiguration;
			buildSettings = {
				ALWAYS_SEARCH_USER_PATHS = NO;
				CLANG_CXX_LANGUAGE_STANDARD = "gnu++0x";
				CLANG_CXX_LIBRARY = "libc++";
				CLANG_ENABLE_MODULES = YES;
				CLANG_ENABLE_OBJC_ARC = YES;
				CLANG_WARN_BOOL_CONVERSION = YES;
				CLANG_WARN_CONSTANT_CONVERSION = YES;
				CLANG_WARN_DIRECT_OBJC_ISA_USAGE = YES_ERROR;
				CLANG_WARN_EMPTY_BODY = YES;
				CLANG_WARN_ENUM_CONVERSION = YES;
				CLANG_WARN_INT_CONVERSION = YES;
				CLANG_WARN_OBJC_ROOT_CLASS = YES_ERROR;
				CLANG_WARN_UNREACHABLE_CODE = YES;
				CLANG_WARN__DUPLICATE_METHOD_MATCH = YES;
				CODE_SIGN_IDENTITY = "-";
				COPY_PHASE_STRIP = NO;
				DEBUG_INFORMATION_FORMAT = "dwarf-with-dsym";
				ENABLE_NS_ASSERTIONS = NO;
				ENABLE_STRICT_OBJC_MSGSEND = YES;
				GCC_C_LANGUAGE_STANDARD = gnu99;
				GCC_NO_COMMON_BLOCKS = YES;
				GCC_WARN_64_TO_32_BIT_CONVERSION = YES;
				GCC_WARN_ABOUT_RETURN_TYPE = YES_ERROR;
				GCC_WARN_UNDECLARED_SELECTOR = YES;
				GCC_WARN_UNINITIALIZED_AUTOS = YES_AGGRESSIVE;
				GCC_WARN_UNUSED_FUNCTION = YES;
				GCC_WARN_UNUSED_VARIABLE = YES;
				MACOSX_DEPLOYMENT_TARGET = 10.11;
				MTL_ENABLE_DEBUG_INFO = NO;
				SDKROOT = macosx;
			};
			name = Release;
		};
		23F91A531C31074F004E4D34 /* Debug */ = {
			isa = XCBuildConfiguration;
			buildSettings = {
				PRODUCT_NAME = "$(TARGET_NAME)";
				SDKROOT = macosx;
			};
			name = Debug;
		};
		23F91A541C31074F004E4D34 /* Release */ = {
			isa = XCBuildConfiguration;
			buildSettings = {
				PRODUCT_NAME = "$(TARGET_NAME)";
				SDKROOT = macosx;
			};
			name = Release;
		};
/* End XCBuildConfiguration section */

/* Begin XCConfigurationList section */
		2307F3B41C3AA75800EA7995 /* Build configuration list for PBXNativeTarget "Step1" */ = {
			isa = XCConfigurationList;
			buildConfigurations = (
				2307F3B51C3AA75800EA7995 /* Debug */,
				2307F3B61C3AA75800EA7995 /* Release */,
			);
			defaultConfigurationIsVisible = 0;
			defaultConfigurationName = Release;
		};
		2307F3C11C3AA8F700EA7995 /* Build configuration list for PBXNativeTarget "Step2" */ = {
			isa = XCConfigurationList;
			buildConfigurations = (
				2307F3C21C3AA8F700EA7995 /* Debug */,
				2307F3C31C3AA8F700EA7995 /* Release */,
			);
			defaultConfigurationIsVisible = 0;
			defaultConfigurationName = Release;
		};
		232AEC301C5F8E41000FB7D0 /* Build configuration list for PBXNativeTarget "Step8" */ = {
			isa = XCConfigurationList;
			buildConfigurations = (
				232AEC2E1C5F8E41000FB7D0 /* Debug */,
				232AEC2F1C5F8E41000FB7D0 /* Release */,
			);
			defaultConfigurationIsVisible = 0;
			defaultConfigurationName = Release;
		};
		2355AC191C438A42005885FD /* Build configuration list for PBXNativeTarget "Step3" */ = {
			isa = XCConfigurationList;
			buildConfigurations = (
				2355AC171C438A42005885FD /* Debug */,
				2355AC181C438A42005885FD /* Release */,
			);
			defaultConfigurationIsVisible = 0;
			defaultConfigurationName = Release;
		};
		2355AC261C43961C005885FD /* Build configuration list for PBXNativeTarget "Step4" */ = {
			isa = XCConfigurationList;
			buildConfigurations = (
				2355AC241C43961C005885FD /* Debug */,
				2355AC251C43961C005885FD /* Release */,
			);
			defaultConfigurationIsVisible = 0;
			defaultConfigurationName = Release;
		};
		2355AC331C4399B2005885FD /* Build configuration list for PBXNativeTarget "Step5" */ = {
			isa = XCConfigurationList;
			buildConfigurations = (
				2355AC311C4399B2005885FD /* Debug */,
				2355AC321C4399B2005885FD /* Release */,
			);
			defaultConfigurationIsVisible = 0;
			defaultConfigurationName = Release;
		};
		2355AC401C439DB2005885FD /* Build configuration list for PBXNativeTarget "Step6" */ = {
			isa = XCConfigurationList;
			buildConfigurations = (
				2355AC3E1C439DB2005885FD /* Debug */,
				2355AC3F1C439DB2005885FD /* Release */,
			);
			defaultConfigurationIsVisible = 0;
			defaultConfigurationName = Release;
		};
		2355AC4D1C43A15D005885FD /* Build configuration list for PBXNativeTarget "Step7" */ = {
			isa = XCConfigurationList;
			buildConfigurations = (
				2355AC4B1C43A15D005885FD /* Debug */,
				2355AC4C1C43A15D005885FD /* Release */,
			);
			defaultConfigurationIsVisible = 0;
			defaultConfigurationName = Release;
		};
		23B431EE1C7068E30066ED52 /* Build configuration list for PBXNativeTarget "Step11" */ = {
			isa = XCConfigurationList;
			buildConfigurations = (
				23B431EC1C7068E30066ED52 /* Debug */,
				23B431ED1C7068E30066ED52 /* Release */,
			);
			defaultConfigurationIsVisible = 0;
		};
		23C37FC01C6725B1009BF2AC /* Build configuration list for PBXNativeTarget "Step9" */ = {
			isa = XCConfigurationList;
			buildConfigurations = (
				23C37FBE1C6725B1009BF2AC /* Debug */,
				23C37FBF1C6725B1009BF2AC /* Release */,
			);
			defaultConfigurationIsVisible = 0;
			defaultConfigurationName = Release;
		};
		23C37FCD1C672DCE009BF2AC /* Build configuration list for PBXNativeTarget "Step10" */ = {
			isa = XCConfigurationList;
			buildConfigurations = (
				23C37FCB1C672DCE009BF2AC /* Debug */,
				23C37FCC1C672DCE009BF2AC /* Release */,
			);
			defaultConfigurationIsVisible = 0;
			defaultConfigurationName = Release;
		};
		23F91A461C31074F004E4D34 /* Build configuration list for PBXProject "OpenGL" */ = {
			isa = XCConfigurationList;
			buildConfigurations = (
				23F91A501C31074F004E4D34 /* Debug */,
				23F91A511C31074F004E4D34 /* Release */,
			);
			defaultConfigurationIsVisible = 0;
			defaultConfigurationName = Release;
		};
		23F91A521C31074F004E4D34 /* Build configuration list for PBXNativeTarget "OpenGL" */ = {
			isa = XCConfigurationList;
			buildConfigurations = (
				23F91A531C31074F004E4D34 /* Debug */,
				23F91A541C31074F004E4D34 /* Release */,
			);
			defaultConfigurationIsVisible = 0;
			defaultConfigurationName = Release;
		};
/* End XCConfigurationList section */
	};
	rootObject = 23F91A431C31074F004E4D34 /* Project object */;
}
